
Microsoft Visual Studio Solution File, Format Version 12.00
# Visual Studio Version 17
VisualStudioVersion = 17.5.002.0
MinimumVisualStudioVersion = 10.0.40219.1
Project("{9A19103F-16F7-4668-BE54-9A1E7A4F7556}") = "Task1", "Task1\Task1.csproj", "{F66A21BA-07EE-4DED-B5E6-9942CB3EF664}"
EndProject
Global
	GlobalSection(SolutionConfigurationPlatforms) = preSolution
		Debug|Any CPU = Debug|Any CPU
		Release|Any CPU = Release|Any CPU
	EndGlobalSection
	GlobalSection(ProjectConfigurationPlatforms) = postSolution
		{F66A21BA-07EE-4DED-B5E6-9942CB3EF664}.Debug|Any CPU.ActiveCfg = Debug|Any CPU
		{F66A21BA-07EE-4DED-B5E6-9942CB3EF664}.Debug|Any CPU.Build.0 = Debug|Any CPU
		{F66A21BA-07EE-4DED-B5E6-9942CB3EF664}.Release|Any CPU.ActiveCfg = Release|Any CPU
		{F66A21BA-07EE-4DED-B5E6-9942CB3EF664}.Release|Any CPU.Build.0 = Release|Any CPU
	EndGlobalSection
	GlobalSection(SolutionProperties) = preSolution
		HideSolutionNode = FALSE
	EndGlobalSection
	GlobalSection(ExtensibilityGlobals) = postSolution
		SolutionGuid = {A54C9C1E-D689-4B5B-A24E-134D1EBBA96E}
	EndGlobalSection
EndGlobal
